
Microsoft Visual Studio Solution File, Format Version 12.00
# Visual Studio Version 16
VisualStudioVersion = 16.0.31105.61
MinimumVisualStudioVersion = 10.0.40219.1
Project("{FAE04EC0-301F-11D3-BF4B-00C04F79EFBC}") = "BarbezDotEu.VideoHost", "BarbezDotEu.VideoHost\BarbezDotEu.VideoHost.csproj", "{83E04112-AED1-48AB-BEF8-66099A497B84}"
EndProject
Project("{2150E333-8FDC-42A3-9474-1A3956D46DE8}") = "Solution Items", "Solution Items", "{28CA1A94-9AC1-4D03-9BB2-E63239BEA619}"
	ProjectSection(SolutionItems) = preProject
		.editorconfig = .editorconfig
	EndProjectSection
EndProject
Global
	GlobalSection(SolutionConfigurationPlatforms) = preSolution
		Debug|Any CPU = Debug|Any CPU
		Release|Any CPU = Release|Any CPU
	EndGlobalSection
	GlobalSection(ProjectConfigurationPlatforms) = postSolution
		{83E04112-AED1-48AB-BEF8-66099A497B84}.Debug|Any CPU.ActiveCfg = Debug|Any CPU
		{83E04112-AED1-48AB-BEF8-66099A497B84}.Debug|Any CPU.Build.0 = Debug|Any CPU
		{83E04112-AED1-48AB-BEF8-66099A497B84}.Release|Any CPU.ActiveCfg = Release|Any CPU
		{83E04112-AED1-48AB-BEF8-66099A497B84}.Release|Any CPU.Build.0 = Release|Any CPU
	EndGlobalSection
	GlobalSection(SolutionProperties) = preSolution
		HideSolutionNode = FALSE
	EndGlobalSection
	GlobalSection(ExtensibilityGlobals) = postSolution
		SolutionGuid = {2F5C3DF1-E3D4-41C5-954C-5A16FD659E05}
	EndGlobalSection
EndGlobal
